<?xml version="1.0" encoding="utf-8"?>
<Project ToolsVersion="4.0" xmlns="http://schemas.microsoft.com/developer/msbuild/2003">
  <ItemGroup>
    <Filter Include="Kernel">
      <UniqueIdentifier>{f37ad762-dda7-4c32-91c1-d4bd5844771e}</UniqueIdentifier>
    </Filter>
    <Filter Include="Kernel\Res">
      <UniqueIdentifier>{b290cb04-7854-4caf-93b0-cbcb000116d2}</UniqueIdentifier>
    </Filter>
    <Filter Include="Kernel\Log">
      <UniqueIdentifier>{1fc9c4f0-0a1a-49a4-890d-3c55bad57f02}</UniqueIdentifier>
    </Filter>
    <Filter Include="CDB">
      <UniqueIdentifier>{355aa4fc-d44a-48a1-98a1-3643abcb34fc}</UniqueIdentifier>
    </Filter>
    <Filter Include="External">
      <UniqueIdentifier>{52e2d89d-6e73-453b-bbcf-cf1e224dd697}</UniqueIdentifier>
    </Filter>
    <Filter Include="External\NV_Strips">
      <UniqueIdentifier>{09679deb-2a19-483b-a35c-79753627745e}</UniqueIdentifier>
    </Filter>
    <Filter Include="External\NV_Basis">
      <UniqueIdentifier>{30fdc0ea-b9bc-4626-be33-9e3e41d05ebb}</UniqueIdentifier>
    </Filter>
    <Filter Include="- OLD -">
      <UniqueIdentifier>{9627042f-83d1-4690-8c87-a59766687852}</UniqueIdentifier>
    </Filter>
    <Filter Include="%2a%2a%2a COMPILER %2a%2a%2a">
      <UniqueIdentifier>{bfe4a181-6fbd-4ba9-a930-ced0ccc2132e}</UniqueIdentifier>
    </Filter>
    <Filter Include="%2a%2a%2a COMPILER %2a%2a%2a\Deflector">
      <UniqueIdentifier>{2688442c-128f-4493-8678-0584f7a1455e}</UniqueIdentifier>
    </Filter>
    <Filter Include="%2a%2a%2a COMPILER %2a%2a%2a\XRAY">
      <UniqueIdentifier>{aaadcfa6-6af6-43a9-b019-94ffe01a3147}</UniqueIdentifier>
    </Filter>
    <Filter Include="%2a%2a%2a COMPILER %2a%2a%2a\Internal">
      <UniqueIdentifier>{cea5c676-9525-4a93-9c40-3ef04d5d5a31}</UniqueIdentifier>
    </Filter>
    <Filter Include="%2a%2a%2a COMPILER %2a%2a%2a\Internal\Targa">
      <UniqueIdentifier>{c0396c3c-4dc7-43a7-90d8-77559619d83d}</UniqueIdentifier>
    </Filter>
    <Filter Include="%2a%2a%2a COMPILER %2a%2a%2a\Internal\Targa\ILoader">
      <UniqueIdentifier>{aa67918a-53b9-4c8a-bd83-dd276ef131d6}</UniqueIdentifier>
    </Filter>
    <Filter Include="%2a%2a%2a COMPILER %2a%2a%2a\Model">
      <UniqueIdentifier>{35fb6384-ec05-43a3-9389-cf151e2cd4d2}</UniqueIdentifier>
    </Filter>
  </ItemGroup>
  <ItemGroup>
    <ClInclude Include="_d3d_extensions.h">
      <Filter>Kernel</Filter>
    </ClInclude>
    <ClInclude Include="defines.h">
      <Filter>Kernel</Filter>
    </ClInclude>
    <ClInclude Include="StdAfx.h">
      <Filter>Kernel</Filter>
    </ClInclude>
    <ClInclude Include="xrThread.h">
      <Filter>Kernel</Filter>
    </ClInclude>
    <ClInclude Include="resource.h">
      <Filter>Kernel\Res</Filter>
    </ClInclude>
    <ClInclude Include="cl_log.h">
      <Filter>Kernel\Log</Filter>
    </ClInclude>
    <ClInclude Include="cl_collector.h">
      <Filter>CDB</Filter>
    </ClInclude>
    <ClInclude Include="cl_intersect.h">
      <Filter>CDB</Filter>
    </ClInclude>
    <ClInclude Include="xrCDB.h">
      <Filter>CDB</Filter>
    </ClInclude>
    <ClInclude Include="b_globals.h">
      <Filter>External</Filter>
    </ClInclude>
    <ClInclude Include="communicate.h">
      <Filter>External</Filter>
    </ClInclude>
    <ClInclude Include="ETextureParams.h">
      <Filter>External</Filter>
    </ClInclude>
    <ClInclude Include="FreeImage.h">
      <Filter>External</Filter>
    </ClInclude>
    <ClInclude Include="progmesh.h">
      <Filter>External</Filter>
    </ClInclude>
    <ClInclude Include="Shader_xrLC.h">
      <Filter>External</Filter>
    </ClInclude>
    <ClInclude Include="std_classes.h">
      <Filter>External</Filter>
    </ClInclude>
    <ClInclude Include="xrDXTC.h">
      <Filter>External</Filter>
    </ClInclude>
    <ClInclude Include="xrHemisphere.h">
      <Filter>External</Filter>
    </ClInclude>
    <ClInclude Include="xrLevel.h">
      <Filter>External</Filter>
    </ClInclude>
    <ClInclude Include="xrOcclusion.h">
      <Filter>External</Filter>
    </ClInclude>
    <ClInclude Include="xrSpherical.h">
      <Filter>External</Filter>
    </ClInclude>
    <ClInclude Include="NV_Library\NvTriStrip.h">
      <Filter>External\NV_Strips</Filter>
    </ClInclude>
    <ClInclude Include="NV_Library\NvTriStripObjects.h">
      <Filter>External\NV_Strips</Filter>
    </ClInclude>
    <ClInclude Include="NV_Library\VertexCache.h">
      <Filter>External\NV_Strips</Filter>
    </ClInclude>
    <ClInclude Include="nv_algebra.h">
      <Filter>External\NV_Basis</Filter>
    </ClInclude>
    <ClInclude Include="nv_math.h">
      <Filter>External\NV_Basis</Filter>
    </ClInclude>
    <ClInclude Include="nv_mathdecl.h">
      <Filter>External\NV_Basis</Filter>
    </ClInclude>
    <ClInclude Include="NVMeshMender.h">
      <Filter>External\NV_Basis</Filter>
    </ClInclude>
    <ClInclude Include="_rect.h">
      <Filter>%2a%2a%2a COMPILER %2a%2a%2a</Filter>
    </ClInclude>
    <ClInclude Include="Build.h">
      <Filter>%2a%2a%2a COMPILER %2a%2a%2a</Filter>
    </ClInclude>
    <ClInclude Include="cform_build.h">
      <Filter>%2a%2a%2a COMPILER %2a%2a%2a</Filter>
    </ClInclude>
    <ClInclude Include="ELight_def.h">
      <Filter>%2a%2a%2a COMPILER %2a%2a%2a</Filter>
    </ClInclude>
    <ClInclude Include="Sector.h">
      <Filter>%2a%2a%2a COMPILER %2a%2a%2a</Filter>
    </ClInclude>
    <ClInclude Include="xrPhase_MergeLM_Rect.h">
      <Filter>%2a%2a%2a COMPILER %2a%2a%2a</Filter>
    </ClInclude>
    <ClInclude Include="hash2D.h">
      <Filter>%2a%2a%2a COMPILER %2a%2a%2a\Deflector</Filter>
    </ClInclude>
    <ClInclude Include="Lightmap.h">
      <Filter>%2a%2a%2a COMPILER %2a%2a%2a\Deflector</Filter>
    </ClInclude>
    <ClInclude Include="xrDeflector.h">
      <Filter>%2a%2a%2a COMPILER %2a%2a%2a\Deflector</Filter>
    </ClInclude>
    <ClInclude Include="xrImage_Filter.h">
      <Filter>%2a%2a%2a COMPILER %2a%2a%2a\Deflector</Filter>
    </ClInclude>
    <ClInclude Include="xrImage_Resampler.h">
      <Filter>%2a%2a%2a COMPILER %2a%2a%2a\Deflector</Filter>
    </ClInclude>
    <ClInclude Include="ArbitraryList.h">
      <Filter>%2a%2a%2a COMPILER %2a%2a%2a\XRAY</Filter>
    </ClInclude>
    <ClInclude Include="OGF_Face.h">
      <Filter>%2a%2a%2a COMPILER %2a%2a%2a\XRAY</Filter>
    </ClInclude>
    <ClInclude Include="R_light.h">
      <Filter>%2a%2a%2a COMPILER %2a%2a%2a\Internal</Filter>
    </ClInclude>
    <ClInclude Include="vbm.h">
      <Filter>%2a%2a%2a COMPILER %2a%2a%2a\Internal</Filter>
    </ClInclude>
    <ClInclude Include="xrFace.h">
      <Filter>%2a%2a%2a COMPILER %2a%2a%2a\Internal</Filter>
    </ClInclude>
    <ClInclude Include="xrIsect.h">
      <Filter>%2a%2a%2a COMPILER %2a%2a%2a\Internal</Filter>
    </ClInclude>
    <ClInclude Include="xrUVpoint.h">
      <Filter>%2a%2a%2a COMPILER %2a%2a%2a\Internal</Filter>
    </ClInclude>
    <ClInclude Include="tga.h">
      <Filter>%2a%2a%2a COMPILER %2a%2a%2a\Internal\Targa</Filter>
    </ClInclude>
    <ClInclude Include="Image.h">
      <Filter>%2a%2a%2a COMPILER %2a%2a%2a\Internal\Targa\ILoader</Filter>
    </ClInclude>
    <ClInclude Include="fitter.h">
      <Filter>%2a%2a%2a COMPILER %2a%2a%2a\Model</Filter>
    </ClInclude>
    <ClInclude Include="PropSlimTools.h">
      <Filter>%2a%2a%2a COMPILER %2a%2a%2a\Model</Filter>
    </ClInclude>
    <ClInclude Include="xrMU_Model.h">
      <Filter>%2a%2a%2a COMPILER %2a%2a%2a\Model</Filter>
    </ClInclude>
    <ClInclude Include="xrGameMaterials.h" />
  </ItemGroup>
  <ItemGroup>
    <ClCompile Include="StdAfx.cpp">
      <Filter>Kernel</Filter>
    </ClCompile>
    <ClCompile Include="xrLC.cpp">
      <Filter>Kernel</Filter>
    </ClCompile>
    <ClCompile Include="xrThread.cpp">
      <Filter>Kernel</Filter>
    </ClCompile>
    <ClCompile Include="cl_log.cpp">
      <Filter>Kernel\Log</Filter>
    </ClCompile>
    <ClCompile Include="cl_collector.cpp">
      <Filter>CDB</Filter>
    </ClCompile>
    <ClCompile Include="NV_Library\NvTriStrip.cpp">
      <Filter>External\NV_Strips</Filter>
    </ClCompile>
    <ClCompile Include="NV_Library\NvTriStripObjects.cpp">
      <Filter>External\NV_Strips</Filter>
    </ClCompile>
    <ClCompile Include="NV_Library\VertexCache.cpp">
      <Filter>External\NV_Strips</Filter>
    </ClCompile>
    <ClCompile Include="nv_algebra.cpp">
      <Filter>External\NV_Basis</Filter>
    </ClCompile>
    <ClCompile Include="NVMeshMender.cpp">
      <Filter>External\NV_Basis</Filter>
    </ClCompile>
    <ClCompile Include="xrDetailPatch.cpp">
      <Filter>- OLD -</Filter>
    </ClCompile>
    <ClCompile Include="xrFlex2LOD.cpp">
      <Filter>- OLD -</Filter>
    </ClCompile>
    <ClCompile Include="xrHierrarhy.cpp">
      <Filter>- OLD -</Filter>
    </ClCompile>
    <ClCompile Include="xrMergeLM.cpp">
      <Filter>- OLD -</Filter>
    </ClCompile>
    <ClCompile Include="xrPVS.cpp">
      <Filter>- OLD -</Filter>
    </ClCompile>
    <ClCompile Include="xrResolveMaterials.cpp">
      <Filter>- OLD -</Filter>
    </ClCompile>
    <ClCompile Include="xrSoftenLights.cpp">
      <Filter>- OLD -</Filter>
    </ClCompile>
    <ClCompile Include="xrTesselate.cpp">
      <Filter>- OLD -</Filter>
    </ClCompile>
    <ClCompile Include="xrUVmapping.cpp">
      <Filter>- OLD -</Filter>
    </ClCompile>
    <ClCompile Include="xrVis.cpp">
      <Filter>- OLD -</Filter>
    </ClCompile>
    <ClCompile Include="Build.cpp">
      <Filter>%2a%2a%2a COMPILER %2a%2a%2a</Filter>
    </ClCompile>
    <ClCompile Include="Build_Load.cpp">
      <Filter>%2a%2a%2a COMPILER %2a%2a%2a</Filter>
    </ClCompile>
    <ClCompile Include="Sector.cpp">
      <Filter>%2a%2a%2a COMPILER %2a%2a%2a</Filter>
    </ClCompile>
    <ClCompile Include="xrBuildCForm.cpp">
      <Filter>%2a%2a%2a COMPILER %2a%2a%2a</Filter>
    </ClCompile>
    <ClCompile Include="xrBuildRapidModel.cpp">
      <Filter>%2a%2a%2a COMPILER %2a%2a%2a</Filter>
    </ClCompile>
    <ClCompile Include="xrCalcNormals.cpp">
      <Filter>%2a%2a%2a COMPILER %2a%2a%2a</Filter>
    </ClCompile>
    <ClCompile Include="xrFlex2OGF.cpp">
      <Filter>%2a%2a%2a COMPILER %2a%2a%2a</Filter>
    </ClCompile>
    <ClCompile Include="xrLight.cpp">
      <Filter>%2a%2a%2a COMPILER %2a%2a%2a</Filter>
    </ClCompile>
    <ClCompile Include="xrLight_Implicit.cpp">
      <Filter>%2a%2a%2a COMPILER %2a%2a%2a</Filter>
    </ClCompile>
    <ClCompile Include="xrOptimizeCFORM.cpp">
      <Filter>%2a%2a%2a COMPILER %2a%2a%2a</Filter>
    </ClCompile>
    <ClCompile Include="xrOptimizeCFORM_qslim.cpp">
      <Filter>%2a%2a%2a COMPILER %2a%2a%2a</Filter>
    </ClCompile>
    <ClCompile Include="xrPhase_AdaptiveHT.cpp">
      <Filter>%2a%2a%2a COMPILER %2a%2a%2a</Filter>
    </ClCompile>
    <ClCompile Include="xrPhase_AdaptiveHT_qslim.cpp">
      <Filter>%2a%2a%2a COMPILER %2a%2a%2a</Filter>
    </ClCompile>
    <ClCompile Include="xrPhase_GI.cpp">
      <Filter>%2a%2a%2a COMPILER %2a%2a%2a</Filter>
    </ClCompile>
    <ClCompile Include="xrPhase_MergeGeometry.cpp">
      <Filter>%2a%2a%2a COMPILER %2a%2a%2a</Filter>
    </ClCompile>
    <ClCompile Include="xrPhase_MergeLM.cpp">
      <Filter>%2a%2a%2a COMPILER %2a%2a%2a</Filter>
    </ClCompile>
    <ClCompile Include="xrPhase_MergeLM_Surface.cpp">
      <Filter>%2a%2a%2a COMPILER %2a%2a%2a</Filter>
    </ClCompile>
    <ClCompile Include="xrPhase_ResolveMaterials.cpp">
      <Filter>%2a%2a%2a COMPILER %2a%2a%2a</Filter>
    </ClCompile>
    <ClCompile Include="xrPhase_Subdivide.cpp">
      <Filter>%2a%2a%2a COMPILER %2a%2a%2a</Filter>
    </ClCompile>
    <ClCompile Include="xrPhase_TangentBasis.cpp">
      <Filter>%2a%2a%2a COMPILER %2a%2a%2a</Filter>
    </ClCompile>
    <ClCompile Include="xrPhase_UVmap.cpp">
      <Filter>%2a%2a%2a COMPILER %2a%2a%2a</Filter>
    </ClCompile>
    <ClCompile Include="xrPreOptimize.cpp">
      <Filter>%2a%2a%2a COMPILER %2a%2a%2a</Filter>
    </ClCompile>
    <ClCompile Include="xrSaveLights.cpp">
      <Filter>%2a%2a%2a COMPILER %2a%2a%2a</Filter>
    </ClCompile>
    <ClCompile Include="xrSaveOGF.cpp">
      <Filter>%2a%2a%2a COMPILER %2a%2a%2a</Filter>
    </ClCompile>
    <ClCompile Include="xrSectors.cpp">
      <Filter>%2a%2a%2a COMPILER %2a%2a%2a</Filter>
    </ClCompile>
    <ClCompile Include="xrT_Junction.cpp">
      <Filter>%2a%2a%2a COMPILER %2a%2a%2a</Filter>
    </ClCompile>
    <ClCompile Include="Lightmap.cpp">
      <Filter>%2a%2a%2a COMPILER %2a%2a%2a\Deflector</Filter>
    </ClCompile>
    <ClCompile Include="xrDeflectoL_Direct.cpp">
      <Filter>%2a%2a%2a COMPILER %2a%2a%2a\Deflector</Filter>
    </ClCompile>
    <ClCompile Include="xrDeflector.cpp">
      <Filter>%2a%2a%2a COMPILER %2a%2a%2a\Deflector</Filter>
    </ClCompile>
    <ClCompile Include="xrDeflectorLight.cpp">
      <Filter>%2a%2a%2a COMPILER %2a%2a%2a\Deflector</Filter>
    </ClCompile>
    <ClCompile Include="xrImage_Filter.cpp">
      <Filter>%2a%2a%2a COMPILER %2a%2a%2a\Deflector</Filter>
    </ClCompile>
    <ClCompile Include="xrImage_Resampler.cpp">
      <Filter>%2a%2a%2a COMPILER %2a%2a%2a\Deflector</Filter>
    </ClCompile>
    <ClCompile Include="fmesh.cpp">
      <Filter>%2a%2a%2a COMPILER %2a%2a%2a\XRAY</Filter>
    </ClCompile>
    <ClCompile Include="OGF_Face.cpp">
      <Filter>%2a%2a%2a COMPILER %2a%2a%2a\XRAY</Filter>
    </ClCompile>
    <ClCompile Include="OGF_Face_Save.cpp">
      <Filter>%2a%2a%2a COMPILER %2a%2a%2a\XRAY</Filter>
    </ClCompile>
    <ClCompile Include="OGF_Face_Sphere.cpp">
      <Filter>%2a%2a%2a COMPILER %2a%2a%2a\XRAY</Filter>
    </ClCompile>
    <ClCompile Include="OGF_Face_Stripify.cpp">
      <Filter>%2a%2a%2a COMPILER %2a%2a%2a\XRAY</Filter>
    </ClCompile>
    <ClCompile Include="xrFace.cpp">
      <Filter>%2a%2a%2a COMPILER %2a%2a%2a\Internal</Filter>
    </ClCompile>
    <ClCompile Include="..\xr_3da\xrLoadSurface.cpp">
      <Filter>%2a%2a%2a COMPILER %2a%2a%2a\Internal</Filter>
    </ClCompile>
    <ClCompile Include="tga.cpp">
      <Filter>%2a%2a%2a COMPILER %2a%2a%2a\Internal\Targa</Filter>
    </ClCompile>
    <ClCompile Include="Image.cpp">
      <Filter>%2a%2a%2a COMPILER %2a%2a%2a\Internal\Targa\ILoader</Filter>
    </ClCompile>
    <ClCompile Include="fitter.cpp">
      <Filter>%2a%2a%2a COMPILER %2a%2a%2a\Model</Filter>
    </ClCompile>
    <ClCompile Include="xrMU_Model.cpp">
      <Filter>%2a%2a%2a COMPILER %2a%2a%2a\Model</Filter>
    </ClCompile>
    <ClCompile Include="xrMU_Model_Calc_faceopacity.cpp">
      <Filter>%2a%2a%2a COMPILER %2a%2a%2a\Model</Filter>
    </ClCompile>
    <ClCompile Include="xrMU_Model_Calc_lighting.cpp">
      <Filter>%2a%2a%2a COMPILER %2a%2a%2a\Model</Filter>
    </ClCompile>
    <ClCompile Include="xrMU_Model_Calc_materials.cpp">
      <Filter>%2a%2a%2a COMPILER %2a%2a%2a\Model</Filter>
    </ClCompile>
    <ClCompile Include="xrMU_Model_Calc_normals.cpp">
      <Filter>%2a%2a%2a COMPILER %2a%2a%2a\Model</Filter>
    </ClCompile>
    <ClCompile Include="xrMU_Model_Calc_ogf.cpp">
      <Filter>%2a%2a%2a COMPILER %2a%2a%2a\Model</Filter>
    </ClCompile>
    <ClCompile Include="xrMU_Model_export_cform_game.cpp">
      <Filter>%2a%2a%2a COMPILER %2a%2a%2a\Model</Filter>
    </ClCompile>
    <ClCompile Include="xrMU_Model_export_cform_game_s.cpp">
      <Filter>%2a%2a%2a COMPILER %2a%2a%2a\Model</Filter>
    </ClCompile>
    <ClCompile Include="xrMU_Model_export_cform_rcast.cpp">
      <Filter>%2a%2a%2a COMPILER %2a%2a%2a\Model</Filter>
    </ClCompile>
    <ClCompile Include="xrMU_Model_export_geometry.cpp">
      <Filter>%2a%2a%2a COMPILER %2a%2a%2a\Model</Filter>
    </ClCompile>
    <ClCompile Include="xrMU_Model_export_OGF.cpp">
      <Filter>%2a%2a%2a COMPILER %2a%2a%2a\Model</Filter>
    </ClCompile>
    <ClCompile Include="xrMU_Model_Load.cpp">
      <Filter>%2a%2a%2a COMPILER %2a%2a%2a\Model</Filter>
    </ClCompile>
  </ItemGroup>
  <ItemGroup>
    <ResourceCompile Include="resource.rc">
      <Filter>Kernel\Res</Filter>
    </ResourceCompile>
  </ItemGroup>
</Project>