<?xml version="1.0" encoding="utf-8"?>
<Project ToolsVersion="4.0" xmlns="http://schemas.microsoft.com/developer/msbuild/2003">
  <ItemGroup>
    <Filter Include="Statistic">
      <UniqueIdentifier>{e7c1fe3b-02a6-4061-a5c9-73b50bb1864f}</UniqueIdentifier>
    </Filter>
    <Filter Include="Base">
      <UniqueIdentifier>{ebf15123-562a-4bab-89eb-216fd27e5c92}</UniqueIdentifier>
    </Filter>
  </ItemGroup>
  <ItemGroup>
    <ClCompile Include="Statistic.cpp">
      <Filter>Statistic</Filter>
    </ClCompile>
    <ClCompile Include="Statistic_Load.cpp">
      <Filter>Statistic</Filter>
    </ClCompile>
    <ClCompile Include="Statistic_Save.cpp">
      <Filter>Statistic</Filter>
    </ClCompile>
    <ClCompile Include="DbgOut.cpp">
      <Filter>Base</Filter>
    </ClCompile>
    <ClCompile Include="stdafx.cpp">
      <Filter>Base</Filter>
    </ClCompile>
    <ClCompile Include="xrStatisticConvert.cpp">
      <Filter>Base</Filter>
    </ClCompile>
  </ItemGroup>
  <ItemGroup>
    <ClInclude Include="Statistic.h">
      <Filter>Statistic</Filter>
    </ClInclude>
    <ClInclude Include="Definitions.h">
      <Filter>Base</Filter>
    </ClInclude>
    <ClInclude Include="stdafx.h">
      <Filter>Base</Filter>
    </ClInclude>
  </ItemGroup>
</Project>